
Microsoft Visual Studio Solution File, Format Version 12.00
# Visual Studio Version 16
VisualStudioVersion = 16.0.32407.337
MinimumVisualStudioVersion = 10.0.40219.1
Project("{FAE04EC0-301F-11D3-BF4B-00C04F79EFBC}") = "Passenger Form", "Passenger Form\Passenger Form.csproj", "{781AEB72-89CE-4AF2-9F5A-6ECC4C0610B5}"
EndProject
Global
	GlobalSection(SolutionConfigurationPlatforms) = preSolution
		Debug|Any CPU = Debug|Any CPU
		Release|Any CPU = Release|Any CPU
	EndGlobalSection
	GlobalSection(ProjectConfigurationPlatforms) = postSolution
		{781AEB72-89CE-4AF2-9F5A-6ECC4C0610B5}.Debug|Any CPU.ActiveCfg = Debug|Any CPU
		{781AEB72-89CE-4AF2-9F5A-6ECC4C0610B5}.Debug|Any CPU.Build.0 = Debug|Any CPU
		{781AEB72-89CE-4AF2-9F5A-6ECC4C0610B5}.Release|Any CPU.ActiveCfg = Release|Any CPU
		{781AEB72-89CE-4AF2-9F5A-6ECC4C0610B5}.Release|Any CPU.Build.0 = Release|Any CPU
	EndGlobalSection
	GlobalSection(SolutionProperties) = preSolution
		HideSolutionNode = FALSE
	EndGlobalSection
	GlobalSection(ExtensibilityGlobals) = postSolution
		SolutionGuid = {B1B163DE-42BA-42EA-833F-528B1B56FC9D}
	EndGlobalSection
EndGlobal
